// !$*UTF8*$!
{
	archiveVersion = 1;
	classes = {
	};
	objectVersion = 55;
	objects = {

/* Begin PBXBuildFile section */
		2B0A700A271AF88E00075842 /* UIViewController+Extensions.swift in Sources */ = {isa = PBXBuildFile; fileRef = 2B0A7009271AF88E00075842 /* UIViewController+Extensions.swift */; };
		2B0A700C271B3AF200075842 /* Date+Extensions.swift in Sources */ = {isa = PBXBuildFile; fileRef = 2B0A700B271B3AF200075842 /* Date+Extensions.swift */; };
		2B0A700E271B3B1000075842 /* FileSaver.swift in Sources */ = {isa = PBXBuildFile; fileRef = 2B0A700D271B3B1000075842 /* FileSaver.swift */; };
		2B0A7010271B3B4500075842 /* DirectoryManager.swift in Sources */ = {isa = PBXBuildFile; fileRef = 2B0A700F271B3B4500075842 /* DirectoryManager.swift */; };
		2B0A7012271B3C5A00075842 /* Constants.swift in Sources */ = {isa = PBXBuildFile; fileRef = 2B0A7011271B3C5A00075842 /* Constants.swift */; };
		2B0A7016271B59BD00075842 /* GalleryCollectionViewCell.swift in Sources */ = {isa = PBXBuildFile; fileRef = 2B0A7015271B59BD00075842 /* GalleryCollectionViewCell.swift */; };
		2B0A7018271B59E000075842 /* GalleryCollectionViewController.swift in Sources */ = {isa = PBXBuildFile; fileRef = 2B0A7017271B59E000075842 /* GalleryCollectionViewController.swift */; };
		2B0A701E271B5E0A00075842 /* MediaFileProtocol.swift in Sources */ = {isa = PBXBuildFile; fileRef = 2B0A701D271B5E0A00075842 /* MediaFileProtocol.swift */; };
		2B0A7020271B64C800075842 /* AVAsset+Extensions.swift in Sources */ = {isa = PBXBuildFile; fileRef = 2B0A701F271B64C800075842 /* AVAsset+Extensions.swift */; };
		2B0A7022271B6E0500075842 /* MediaFilesFactory.swift in Sources */ = {isa = PBXBuildFile; fileRef = 2B0A7021271B6E0500075842 /* MediaFilesFactory.swift */; };
		2B0A705B271C7DA800075842 /* UIImage+Extensions.swift in Sources */ = {isa = PBXBuildFile; fileRef = 2B0A705A271C7DA800075842 /* UIImage+Extensions.swift */; };
		2B0A705F271CB60C00075842 /* FileNameConverter.swift in Sources */ = {isa = PBXBuildFile; fileRef = 2B0A705E271CB60C00075842 /* FileNameConverter.swift */; };
		2B0A7062271CBCE700075842 /* PhotoViewController.swift in Sources */ = {isa = PBXBuildFile; fileRef = 2B0A7061271CBCE700075842 /* PhotoViewController.swift */; };
		2B195CAB271F626F00409698 /* PhotoFileSaver.swift in Sources */ = {isa = PBXBuildFile; fileRef = 2B195CAA271F626F00409698 /* PhotoFileSaver.swift */; };
		2B195CAD271F62AB00409698 /* VideoFileSaver.swift in Sources */ = {isa = PBXBuildFile; fileRef = 2B195CAC271F62AB00409698 /* VideoFileSaver.swift */; };
		2B195CAF271F63A200409698 /* ImageCacheLoaderTests.swift in Sources */ = {isa = PBXBuildFile; fileRef = 2B195CAE271F63A200409698 /* ImageCacheLoaderTests.swift */; };
		2B195CB1271F649600409698 /* MockURL.swift in Sources */ = {isa = PBXBuildFile; fileRef = 2B195CB0271F649600409698 /* MockURL.swift */; };
		2B1AF876271D95F2009E2328 /* ImagePickerControllerDelegate.swift in Sources */ = {isa = PBXBuildFile; fileRef = 2B1AF875271D95F2009E2328 /* ImagePickerControllerDelegate.swift */; };
		2B1AF8B4271DAFA3009E2328 /* Errors.swift in Sources */ = {isa = PBXBuildFile; fileRef = 2B1AF8B3271DAFA3009E2328 /* Errors.swift */; };
		2B1AF8B6271DB4DE009E2328 /* MediaFileSaver.swift in Sources */ = {isa = PBXBuildFile; fileRef = 2B1AF8B5271DB4DE009E2328 /* MediaFileSaver.swift */; };
		2B1AF8ED271F1F03009E2328 /* ImageCacheLoader.swift in Sources */ = {isa = PBXBuildFile; fileRef = 2B1AF8EC271F1F03009E2328 /* ImageCacheLoader.swift */; };
		2B1AF8F0271F2928009E2328 /* DateExtensionsTests.swift in Sources */ = {isa = PBXBuildFile; fileRef = 2B1AF8EF271F2928009E2328 /* DateExtensionsTests.swift */; };
		2B1AF8F3271F313F009E2328 /* MockUIImage.swift in Sources */ = {isa = PBXBuildFile; fileRef = 2B1AF8F2271F313F009E2328 /* MockUIImage.swift */; };
		2B1AF8F7271F3317009E2328 /* UIImageExtentionsTests.swift in Sources */ = {isa = PBXBuildFile; fileRef = 2B1AF8F6271F3317009E2328 /* UIImageExtentionsTests.swift */; };
		2B1AF8FC271F3939009E2328 /* FileNameConverterTests.swift in Sources */ = {isa = PBXBuildFile; fileRef = 2B1AF8FB271F3939009E2328 /* FileNameConverterTests.swift */; };
		2B1AF8FE271F3A2C009E2328 /* testPhoto.jpg in Resources */ = {isa = PBXBuildFile; fileRef = 2B1AF8FD271F3A2C009E2328 /* testPhoto.jpg */; };
		2B2F96E3271F6A6700FBA6E3 /* DirectoryManagerTests.swift in Sources */ = {isa = PBXBuildFile; fileRef = 2B2F96E2271F6A6700FBA6E3 /* DirectoryManagerTests.swift */; };
		2B2F96E5271F6E6300FBA6E3 /* FileSaverTests.swift in Sources */ = {isa = PBXBuildFile; fileRef = 2B2F96E4271F6E6300FBA6E3 /* FileSaverTests.swift */; };
		2B2F96E7271F72C600FBA6E3 /* MediaFileSaverTests.swift in Sources */ = {isa = PBXBuildFile; fileRef = 2B2F96E6271F72C600FBA6E3 /* MediaFileSaverTests.swift */; };
		2B2F96E9271F73B600FBA6E3 /* MockImagePickerInfoKey.swift in Sources */ = {isa = PBXBuildFile; fileRef = 2B2F96E8271F73B600FBA6E3 /* MockImagePickerInfoKey.swift */; };
		2B3BF522271F7E00007E0AEC /* PhotoFileSaverTests.swift in Sources */ = {isa = PBXBuildFile; fileRef = 2B3BF521271F7E00007E0AEC /* PhotoFileSaverTests.swift */; };
		2B3BF526271F7FE8007E0AEC /* MediaFilesFactoryTests.swift in Sources */ = {isa = PBXBuildFile; fileRef = 2B3BF525271F7FE8007E0AEC /* MediaFilesFactoryTests.swift */; };
		2B3BF529271F8093007E0AEC /* PhotoFile.swift in Sources */ = {isa = PBXBuildFile; fileRef = 2B3BF528271F8093007E0AEC /* PhotoFile.swift */; };
		2B3BF52B271F80B3007E0AEC /* VideoFile.swift in Sources */ = {isa = PBXBuildFile; fileRef = 2B3BF52A271F80B3007E0AEC /* VideoFile.swift */; };
		2B3BF530271F8606007E0AEC /* MediaFilesFactoryOutputTests.swift in Sources */ = {isa = PBXBuildFile; fileRef = 2B3BF52F271F8606007E0AEC /* MediaFilesFactoryOutputTests.swift */; };
		2B3BF533271FFEBC007E0AEC /* MockPhotoFile.swift in Sources */ = {isa = PBXBuildFile; fileRef = 2B3BF532271FFEBC007E0AEC /* MockPhotoFile.swift */; };
		2B3BF535271FFECA007E0AEC /* MockVideoFile.swift in Sources */ = {isa = PBXBuildFile; fileRef = 2B3BF534271FFECA007E0AEC /* MockVideoFile.swift */; };
		2B3BF5372720012C007E0AEC /* testVideo.mp4 in Resources */ = {isa = PBXBuildFile; fileRef = 2B3BF5362720012C007E0AEC /* testVideo.mp4 */; };
		2B3BF539272006F7007E0AEC /* VideoFileTests.swift in Sources */ = {isa = PBXBuildFile; fileRef = 2B3BF538272006F7007E0AEC /* VideoFileTests.swift */; };
		2B3BF53B27200A70007E0AEC /* PhotoFileTests.swift in Sources */ = {isa = PBXBuildFile; fileRef = 2B3BF53A27200A70007E0AEC /* PhotoFileTests.swift */; };
		2B5BAD322719EBC400515DC9 /* AppDelegate.swift in Sources */ = {isa = PBXBuildFile; fileRef = 2B5BAD312719EBC400515DC9 /* AppDelegate.swift */; };
		2B5BAD342719EBC400515DC9 /* SceneDelegate.swift in Sources */ = {isa = PBXBuildFile; fileRef = 2B5BAD332719EBC400515DC9 /* SceneDelegate.swift */; };
		2B5BAD362719EBC400515DC9 /* CameraOperationsViewController.swift in Sources */ = {isa = PBXBuildFile; fileRef = 2B5BAD352719EBC400515DC9 /* CameraOperationsViewController.swift */; };
		2B5BAD392719EBC400515DC9 /* Main.storyboard in Resources */ = {isa = PBXBuildFile; fileRef = 2B5BAD372719EBC400515DC9 /* Main.storyboard */; };
		2B5BAD3B2719EBC500515DC9 /* Assets.xcassets in Resources */ = {isa = PBXBuildFile; fileRef = 2B5BAD3A2719EBC500515DC9 /* Assets.xcassets */; };
		2B5BAD3E2719EBC500515DC9 /* LaunchScreen.storyboard in Resources */ = {isa = PBXBuildFile; fileRef = 2B5BAD3C2719EBC500515DC9 /* LaunchScreen.storyboard */; };
/* End PBXBuildFile section */

/* Begin PBXContainerItemProxy section */
		2B5BAD452719EBC500515DC9 /* PBXContainerItemProxy */ = {
			isa = PBXContainerItemProxy;
			containerPortal = 2B5BAD262719EBC400515DC9 /* Project object */;
			proxyType = 1;
			remoteGlobalIDString = 2B5BAD2D2719EBC400515DC9;
			remoteInfo = CameraApp;
		};
/* End PBXContainerItemProxy section */

/* Begin PBXFileReference section */
		2B0A7009271AF88E00075842 /* UIViewController+Extensions.swift */ = {isa = PBXFileReference; lastKnownFileType = sourcecode.swift; path = "UIViewController+Extensions.swift"; sourceTree = "<group>"; };
		2B0A700B271B3AF200075842 /* Date+Extensions.swift */ = {isa = PBXFileReference; lastKnownFileType = sourcecode.swift; path = "Date+Extensions.swift"; sourceTree = "<group>"; };
		2B0A700D271B3B1000075842 /* FileSaver.swift */ = {isa = PBXFileReference; lastKnownFileType = sourcecode.swift; path = FileSaver.swift; sourceTree = "<group>"; };
		2B0A700F271B3B4500075842 /* DirectoryManager.swift */ = {isa = PBXFileReference; lastKnownFileType = sourcecode.swift; path = DirectoryManager.swift; sourceTree = "<group>"; };
		2B0A7011271B3C5A00075842 /* Constants.swift */ = {isa = PBXFileReference; lastKnownFileType = sourcecode.swift; path = Constants.swift; sourceTree = "<group>"; };
		2B0A7015271B59BD00075842 /* GalleryCollectionViewCell.swift */ = {isa = PBXFileReference; lastKnownFileType = sourcecode.swift; path = GalleryCollectionViewCell.swift; sourceTree = "<group>"; };
		2B0A7017271B59E000075842 /* GalleryCollectionViewController.swift */ = {isa = PBXFileReference; lastKnownFileType = sourcecode.swift; path = GalleryCollectionViewController.swift; sourceTree = "<group>"; };
		2B0A701D271B5E0A00075842 /* MediaFileProtocol.swift */ = {isa = PBXFileReference; lastKnownFileType = sourcecode.swift; path = MediaFileProtocol.swift; sourceTree = "<group>"; };
		2B0A701F271B64C800075842 /* AVAsset+Extensions.swift */ = {isa = PBXFileReference; lastKnownFileType = sourcecode.swift; path = "AVAsset+Extensions.swift"; sourceTree = "<group>"; };
		2B0A7021271B6E0500075842 /* MediaFilesFactory.swift */ = {isa = PBXFileReference; lastKnownFileType = sourcecode.swift; path = MediaFilesFactory.swift; sourceTree = "<group>"; };
		2B0A705A271C7DA800075842 /* UIImage+Extensions.swift */ = {isa = PBXFileReference; lastKnownFileType = sourcecode.swift; path = "UIImage+Extensions.swift"; sourceTree = "<group>"; };
		2B0A705E271CB60C00075842 /* FileNameConverter.swift */ = {isa = PBXFileReference; lastKnownFileType = sourcecode.swift; path = FileNameConverter.swift; sourceTree = "<group>"; };
		2B0A7061271CBCE700075842 /* PhotoViewController.swift */ = {isa = PBXFileReference; lastKnownFileType = sourcecode.swift; path = PhotoViewController.swift; sourceTree = "<group>"; };
		2B195CAA271F626F00409698 /* PhotoFileSaver.swift */ = {isa = PBXFileReference; lastKnownFileType = sourcecode.swift; path = PhotoFileSaver.swift; sourceTree = "<group>"; };
		2B195CAC271F62AB00409698 /* VideoFileSaver.swift */ = {isa = PBXFileReference; lastKnownFileType = sourcecode.swift; path = VideoFileSaver.swift; sourceTree = "<group>"; };
		2B195CAE271F63A200409698 /* ImageCacheLoaderTests.swift */ = {isa = PBXFileReference; lastKnownFileType = sourcecode.swift; path = ImageCacheLoaderTests.swift; sourceTree = "<group>"; };
		2B195CB0271F649600409698 /* MockURL.swift */ = {isa = PBXFileReference; lastKnownFileType = sourcecode.swift; path = MockURL.swift; sourceTree = "<group>"; };
		2B1AF875271D95F2009E2328 /* ImagePickerControllerDelegate.swift */ = {isa = PBXFileReference; lastKnownFileType = sourcecode.swift; path = ImagePickerControllerDelegate.swift; sourceTree = "<group>"; };
		2B1AF8B3271DAFA3009E2328 /* Errors.swift */ = {isa = PBXFileReference; lastKnownFileType = sourcecode.swift; path = Errors.swift; sourceTree = "<group>"; };
		2B1AF8B5271DB4DE009E2328 /* MediaFileSaver.swift */ = {isa = PBXFileReference; lastKnownFileType = sourcecode.swift; path = MediaFileSaver.swift; sourceTree = "<group>"; };
		2B1AF8EC271F1F03009E2328 /* ImageCacheLoader.swift */ = {isa = PBXFileReference; lastKnownFileType = sourcecode.swift; path = ImageCacheLoader.swift; sourceTree = "<group>"; };
		2B1AF8EF271F2928009E2328 /* DateExtensionsTests.swift */ = {isa = PBXFileReference; lastKnownFileType = sourcecode.swift; path = DateExtensionsTests.swift; sourceTree = "<group>"; };
		2B1AF8F2271F313F009E2328 /* MockUIImage.swift */ = {isa = PBXFileReference; lastKnownFileType = sourcecode.swift; path = MockUIImage.swift; sourceTree = "<group>"; };
		2B1AF8F6271F3317009E2328 /* UIImageExtentionsTests.swift */ = {isa = PBXFileReference; lastKnownFileType = sourcecode.swift; path = UIImageExtentionsTests.swift; sourceTree = "<group>"; };
		2B1AF8FB271F3939009E2328 /* FileNameConverterTests.swift */ = {isa = PBXFileReference; lastKnownFileType = sourcecode.swift; path = FileNameConverterTests.swift; sourceTree = "<group>"; };
		2B1AF8FD271F3A2C009E2328 /* testPhoto.jpg */ = {isa = PBXFileReference; lastKnownFileType = image.jpeg; path = testPhoto.jpg; sourceTree = "<group>"; };
		2B2F96E2271F6A6700FBA6E3 /* DirectoryManagerTests.swift */ = {isa = PBXFileReference; lastKnownFileType = sourcecode.swift; path = DirectoryManagerTests.swift; sourceTree = "<group>"; };
		2B2F96E4271F6E6300FBA6E3 /* FileSaverTests.swift */ = {isa = PBXFileReference; lastKnownFileType = sourcecode.swift; path = FileSaverTests.swift; sourceTree = "<group>"; };
		2B2F96E6271F72C600FBA6E3 /* MediaFileSaverTests.swift */ = {isa = PBXFileReference; lastKnownFileType = sourcecode.swift; path = MediaFileSaverTests.swift; sourceTree = "<group>"; };
		2B2F96E8271F73B600FBA6E3 /* MockImagePickerInfoKey.swift */ = {isa = PBXFileReference; lastKnownFileType = sourcecode.swift; path = MockImagePickerInfoKey.swift; sourceTree = "<group>"; };
		2B3BF521271F7E00007E0AEC /* PhotoFileSaverTests.swift */ = {isa = PBXFileReference; lastKnownFileType = sourcecode.swift; path = PhotoFileSaverTests.swift; sourceTree = "<group>"; };
		2B3BF525271F7FE8007E0AEC /* MediaFilesFactoryTests.swift */ = {isa = PBXFileReference; lastKnownFileType = sourcecode.swift; path = MediaFilesFactoryTests.swift; sourceTree = "<group>"; };
		2B3BF528271F8093007E0AEC /* PhotoFile.swift */ = {isa = PBXFileReference; lastKnownFileType = sourcecode.swift; path = PhotoFile.swift; sourceTree = "<group>"; };
		2B3BF52A271F80B3007E0AEC /* VideoFile.swift */ = {isa = PBXFileReference; lastKnownFileType = sourcecode.swift; path = VideoFile.swift; sourceTree = "<group>"; };
		2B3BF52F271F8606007E0AEC /* MediaFilesFactoryOutputTests.swift */ = {isa = PBXFileReference; lastKnownFileType = sourcecode.swift; path = MediaFilesFactoryOutputTests.swift; sourceTree = "<group>"; };
		2B3BF532271FFEBC007E0AEC /* MockPhotoFile.swift */ = {isa = PBXFileReference; lastKnownFileType = sourcecode.swift; path = MockPhotoFile.swift; sourceTree = "<group>"; };
		2B3BF534271FFECA007E0AEC /* MockVideoFile.swift */ = {isa = PBXFileReference; lastKnownFileType = sourcecode.swift; path = MockVideoFile.swift; sourceTree = "<group>"; };
		2B3BF5362720012C007E0AEC /* testVideo.mp4 */ = {isa = PBXFileReference; lastKnownFileType = file; path = testVideo.mp4; sourceTree = "<group>"; };
		2B3BF538272006F7007E0AEC /* VideoFileTests.swift */ = {isa = PBXFileReference; lastKnownFileType = sourcecode.swift; path = VideoFileTests.swift; sourceTree = "<group>"; };
		2B3BF53A27200A70007E0AEC /* PhotoFileTests.swift */ = {isa = PBXFileReference; lastKnownFileType = sourcecode.swift; path = PhotoFileTests.swift; sourceTree = "<group>"; };
		2B5BAD2E2719EBC400515DC9 /* CameraApp.app */ = {isa = PBXFileReference; explicitFileType = wrapper.application; includeInIndex = 0; path = CameraApp.app; sourceTree = BUILT_PRODUCTS_DIR; };
		2B5BAD312719EBC400515DC9 /* AppDelegate.swift */ = {isa = PBXFileReference; lastKnownFileType = sourcecode.swift; path = AppDelegate.swift; sourceTree = "<group>"; };
		2B5BAD332719EBC400515DC9 /* SceneDelegate.swift */ = {isa = PBXFileReference; lastKnownFileType = sourcecode.swift; path = SceneDelegate.swift; sourceTree = "<group>"; };
		2B5BAD352719EBC400515DC9 /* CameraOperationsViewController.swift */ = {isa = PBXFileReference; lastKnownFileType = sourcecode.swift; path = CameraOperationsViewController.swift; sourceTree = "<group>"; };
		2B5BAD382719EBC400515DC9 /* Base */ = {isa = PBXFileReference; lastKnownFileType = file.storyboard; name = Base; path = Base.lproj/Main.storyboard; sourceTree = "<group>"; };
		2B5BAD3A2719EBC500515DC9 /* Assets.xcassets */ = {isa = PBXFileReference; lastKnownFileType = folder.assetcatalog; path = Assets.xcassets; sourceTree = "<group>"; };
		2B5BAD3D2719EBC500515DC9 /* Base */ = {isa = PBXFileReference; lastKnownFileType = file.storyboard; name = Base; path = Base.lproj/LaunchScreen.storyboard; sourceTree = "<group>"; };
		2B5BAD3F2719EBC500515DC9 /* Info.plist */ = {isa = PBXFileReference; lastKnownFileType = text.plist.xml; path = Info.plist; sourceTree = "<group>"; };
		2B5BAD442719EBC500515DC9 /* CameraAppTests.xctest */ = {isa = PBXFileReference; explicitFileType = wrapper.cfbundle; includeInIndex = 0; path = CameraAppTests.xctest; sourceTree = BUILT_PRODUCTS_DIR; };
/* End PBXFileReference section */

/* Begin PBXFrameworksBuildPhase section */
		2B5BAD2B2719EBC400515DC9 /* Frameworks */ = {
			isa = PBXFrameworksBuildPhase;
			buildActionMask = 2147483647;
			files = (
			);
			runOnlyForDeploymentPostprocessing = 0;
		};
		2B5BAD412719EBC500515DC9 /* Frameworks */ = {
			isa = PBXFrameworksBuildPhase;
			buildActionMask = 2147483647;
			files = (
			);
			runOnlyForDeploymentPostprocessing = 0;
		};
/* End PBXFrameworksBuildPhase section */

/* Begin PBXGroup section */
		2B0A7008271AF84500075842 /* Extensions */ = {
			isa = PBXGroup;
			children = (
				2B0A7009271AF88E00075842 /* UIViewController+Extensions.swift */,
				2B0A700B271B3AF200075842 /* Date+Extensions.swift */,
				2B0A701F271B64C800075842 /* AVAsset+Extensions.swift */,
				2B0A705A271C7DA800075842 /* UIImage+Extensions.swift */,
			);
			path = Extensions;
			sourceTree = "<group>";
		};
		2B0A7014271B4CE700075842 /* General */ = {
			isa = PBXGroup;
			children = (
				2B1AF8B3271DAFA3009E2328 /* Errors.swift */,
				2B0A7011271B3C5A00075842 /* Constants.swift */,
				2B5BAD332719EBC400515DC9 /* SceneDelegate.swift */,
				2B5BAD3A2719EBC500515DC9 /* Assets.xcassets */,
				2B5BAD312719EBC400515DC9 /* AppDelegate.swift */,
				2B5BAD3F2719EBC500515DC9 /* Info.plist */,
				2B5BAD3C2719EBC500515DC9 /* LaunchScreen.storyboard */,
			);
			name = General;
			sourceTree = "<group>";
		};
		2B0A7019271B5AF400075842 /* Helpers */ = {
			isa = PBXGroup;
			children = (
				2B0A700D271B3B1000075842 /* FileSaver.swift */,
				2B0A700F271B3B4500075842 /* DirectoryManager.swift */,
				2B0A705E271CB60C00075842 /* FileNameConverter.swift */,
				2B1AF8EC271F1F03009E2328 /* ImageCacheLoader.swift */,
				2B1AF8B5271DB4DE009E2328 /* MediaFileSaver.swift */,
				2B195CAA271F626F00409698 /* PhotoFileSaver.swift */,
				2B195CAC271F62AB00409698 /* VideoFileSaver.swift */,
			);
			path = Helpers;
			sourceTree = "<group>";
		};
		2B0A701A271B5B1900075842 /* Screens */ = {
			isa = PBXGroup;
			children = (
				2B0A7060271CB7A600075842 /* GalleryDetail */,
				2B0A701C271B5CE800075842 /* Gallery */,
				2B0A701B271B5CD600075842 /* CameraOperations */,
			);
			path = Screens;
			sourceTree = "<group>";
		};
		2B0A701B271B5CD600075842 /* CameraOperations */ = {
			isa = PBXGroup;
			children = (
				2B5BAD352719EBC400515DC9 /* CameraOperationsViewController.swift */,
				2B1AF875271D95F2009E2328 /* ImagePickerControllerDelegate.swift */,
			);
			name = CameraOperations;
			sourceTree = "<group>";
		};
		2B0A701C271B5CE800075842 /* Gallery */ = {
			isa = PBXGroup;
			children = (
				2B0A7017271B59E000075842 /* GalleryCollectionViewController.swift */,
				2B0A7015271B59BD00075842 /* GalleryCollectionViewCell.swift */,
			);
			name = Gallery;
			sourceTree = "<group>";
		};
		2B0A7060271CB7A600075842 /* GalleryDetail */ = {
			isa = PBXGroup;
			children = (
				2B0A7061271CBCE700075842 /* PhotoViewController.swift */,
			);
			name = GalleryDetail;
			sourceTree = "<group>";
		};
		2B1AF8EE271F2848009E2328 /* Extensions */ = {
			isa = PBXGroup;
			children = (
				2B1AF8EF271F2928009E2328 /* DateExtensionsTests.swift */,
				2B1AF8F6271F3317009E2328 /* UIImageExtentionsTests.swift */,
			);
			path = Extensions;
			sourceTree = "<group>";
		};
		2B1AF8F1271F3106009E2328 /* Mocks */ = {
			isa = PBXGroup;
			children = (
				2B3BF5362720012C007E0AEC /* testVideo.mp4 */,
				2B1AF8FD271F3A2C009E2328 /* testPhoto.jpg */,
				2B1AF8F2271F313F009E2328 /* MockUIImage.swift */,
				2B195CB0271F649600409698 /* MockURL.swift */,
				2B2F96E8271F73B600FBA6E3 /* MockImagePickerInfoKey.swift */,
			);
			path = Mocks;
			sourceTree = "<group>";
		};
		2B1AF8FA271F3905009E2328 /* Helpers */ = {
			isa = PBXGroup;
			children = (
				2B1AF8FB271F3939009E2328 /* FileNameConverterTests.swift */,
				2B195CAE271F63A200409698 /* ImageCacheLoaderTests.swift */,
				2B2F96E2271F6A6700FBA6E3 /* DirectoryManagerTests.swift */,
				2B2F96E4271F6E6300FBA6E3 /* FileSaverTests.swift */,
				2B2F96E6271F72C600FBA6E3 /* MediaFileSaverTests.swift */,
				2B3BF521271F7E00007E0AEC /* PhotoFileSaverTests.swift */,
			);
			path = Helpers;
			sourceTree = "<group>";
		};
		2B3BF527271F8039007E0AEC /* Domain */ = {
			isa = PBXGroup;
			children = (
				2B0A701D271B5E0A00075842 /* MediaFileProtocol.swift */,
				2B3BF528271F8093007E0AEC /* PhotoFile.swift */,
				2B3BF52A271F80B3007E0AEC /* VideoFile.swift */,
				2B0A7021271B6E0500075842 /* MediaFilesFactory.swift */,
			);
			path = Domain;
			sourceTree = "<group>";
		};
		2B3BF52C271F8101007E0AEC /* DomainTests */ = {
			isa = PBXGroup;
			children = (
				2B3BF531271FFEA1007E0AEC /* Mocks */,
				2B3BF525271F7FE8007E0AEC /* MediaFilesFactoryTests.swift */,
				2B3BF52F271F8606007E0AEC /* MediaFilesFactoryOutputTests.swift */,
				2B3BF538272006F7007E0AEC /* VideoFileTests.swift */,
				2B3BF53A27200A70007E0AEC /* PhotoFileTests.swift */,
			);
			path = DomainTests;
			sourceTree = "<group>";
		};
		2B3BF531271FFEA1007E0AEC /* Mocks */ = {
			isa = PBXGroup;
			children = (
				2B3BF532271FFEBC007E0AEC /* MockPhotoFile.swift */,
				2B3BF534271FFECA007E0AEC /* MockVideoFile.swift */,
			);
			path = Mocks;
			sourceTree = "<group>";
		};
		2B5BAD252719EBC400515DC9 = {
			isa = PBXGroup;
			children = (
				2B5BAD302719EBC400515DC9 /* CameraApp */,
				2B5BAD472719EBC500515DC9 /* CameraAppTests */,
				2B5BAD2F2719EBC400515DC9 /* Products */,
			);
			sourceTree = "<group>";
		};
		2B5BAD2F2719EBC400515DC9 /* Products */ = {
			isa = PBXGroup;
			children = (
				2B5BAD2E2719EBC400515DC9 /* CameraApp.app */,
				2B5BAD442719EBC500515DC9 /* CameraAppTests.xctest */,
			);
			name = Products;
			sourceTree = "<group>";
		};
		2B5BAD302719EBC400515DC9 /* CameraApp */ = {
			isa = PBXGroup;
			children = (
				2B3BF527271F8039007E0AEC /* Domain */,
				2B0A7014271B4CE700075842 /* General */,
				2B0A7008271AF84500075842 /* Extensions */,
				2B0A7019271B5AF400075842 /* Helpers */,
				2B0A701A271B5B1900075842 /* Screens */,
				2B5BAD372719EBC400515DC9 /* Main.storyboard */,
			);
			path = CameraApp;
			sourceTree = "<group>";
		};
		2B5BAD472719EBC500515DC9 /* CameraAppTests */ = {
			isa = PBXGroup;
			children = (
				2B3BF52C271F8101007E0AEC /* DomainTests */,
				2B1AF8F1271F3106009E2328 /* Mocks */,
				2B1AF8EE271F2848009E2328 /* Extensions */,
				2B1AF8FA271F3905009E2328 /* Helpers */,
			);
			path = CameraAppTests;
			sourceTree = "<group>";
		};
/* End PBXGroup section */

/* Begin PBXNativeTarget section */
		2B5BAD2D2719EBC400515DC9 /* CameraApp */ = {
			isa = PBXNativeTarget;
			buildConfigurationList = 2B5BAD582719EBC500515DC9 /* Build configuration list for PBXNativeTarget "CameraApp" */;
			buildPhases = (
				2B5BAD2A2719EBC400515DC9 /* Sources */,
				2B5BAD2B2719EBC400515DC9 /* Frameworks */,
				2B5BAD2C2719EBC400515DC9 /* Resources */,
			);
			buildRules = (
			);
			dependencies = (
			);
			name = CameraApp;
			productName = CameraApp;
			productReference = 2B5BAD2E2719EBC400515DC9 /* CameraApp.app */;
			productType = "com.apple.product-type.application";
		};
		2B5BAD432719EBC500515DC9 /* CameraAppTests */ = {
			isa = PBXNativeTarget;
			buildConfigurationList = 2B5BAD5B2719EBC500515DC9 /* Build configuration list for PBXNativeTarget "CameraAppTests" */;
			buildPhases = (
				2B5BAD402719EBC500515DC9 /* Sources */,
				2B5BAD412719EBC500515DC9 /* Frameworks */,
				2B5BAD422719EBC500515DC9 /* Resources */,
			);
			buildRules = (
			);
			dependencies = (
				2B5BAD462719EBC500515DC9 /* PBXTargetDependency */,
			);
			name = CameraAppTests;
			productName = CameraAppTests;
			productReference = 2B5BAD442719EBC500515DC9 /* CameraAppTests.xctest */;
			productType = "com.apple.product-type.bundle.unit-test";
		};
/* End PBXNativeTarget section */

/* Begin PBXProject section */
		2B5BAD262719EBC400515DC9 /* Project object */ = {
			isa = PBXProject;
			attributes = {
				BuildIndependentTargetsInParallel = 1;
				LastSwiftUpdateCheck = 1300;
				LastUpgradeCheck = 1300;
				TargetAttributes = {
					2B5BAD2D2719EBC400515DC9 = {
						CreatedOnToolsVersion = 13.0;
					};
					2B5BAD432719EBC500515DC9 = {
						CreatedOnToolsVersion = 13.0;
						TestTargetID = 2B5BAD2D2719EBC400515DC9;
					};
				};
			};
			buildConfigurationList = 2B5BAD292719EBC400515DC9 /* Build configuration list for PBXProject "CameraApp" */;
			compatibilityVersion = "Xcode 13.0";
			developmentRegion = en;
			hasScannedForEncodings = 0;
			knownRegions = (
				en,
				Base,
			);
			mainGroup = 2B5BAD252719EBC400515DC9;
			productRefGroup = 2B5BAD2F2719EBC400515DC9 /* Products */;
			projectDirPath = "";
			projectRoot = "";
			targets = (
				2B5BAD2D2719EBC400515DC9 /* CameraApp */,
				2B5BAD432719EBC500515DC9 /* CameraAppTests */,
			);
		};
/* End PBXProject section */

/* Begin PBXResourcesBuildPhase section */
		2B5BAD2C2719EBC400515DC9 /* Resources */ = {
			isa = PBXResourcesBuildPhase;
			buildActionMask = 2147483647;
			files = (
				2B5BAD3E2719EBC500515DC9 /* LaunchScreen.storyboard in Resources */,
				2B5BAD3B2719EBC500515DC9 /* Assets.xcassets in Resources */,
				2B5BAD392719EBC400515DC9 /* Main.storyboard in Resources */,
			);
			runOnlyForDeploymentPostprocessing = 0;
		};
		2B5BAD422719EBC500515DC9 /* Resources */ = {
			isa = PBXResourcesBuildPhase;
			buildActionMask = 2147483647;
			files = (
				2B1AF8FE271F3A2C009E2328 /* testPhoto.jpg in Resources */,
				2B3BF5372720012C007E0AEC /* testVideo.mp4 in Resources */,
			);
			runOnlyForDeploymentPostprocessing = 0;
		};
/* End PBXResourcesBuildPhase section */

/* Begin PBXSourcesBuildPhase section */
		2B5BAD2A2719EBC400515DC9 /* Sources */ = {
			isa = PBXSourcesBuildPhase;
			buildActionMask = 2147483647;
			files = (
				2B0A700A271AF88E00075842 /* UIViewController+Extensions.swift in Sources */,
				2B5BAD362719EBC400515DC9 /* CameraOperationsViewController.swift in Sources */,
				2B0A7020271B64C800075842 /* AVAsset+Extensions.swift in Sources */,
				2B1AF8B6271DB4DE009E2328 /* MediaFileSaver.swift in Sources */,
				2B1AF876271D95F2009E2328 /* ImagePickerControllerDelegate.swift in Sources */,
				2B5BAD322719EBC400515DC9 /* AppDelegate.swift in Sources */,
				2B0A705F271CB60C00075842 /* FileNameConverter.swift in Sources */,
				2B1AF8ED271F1F03009E2328 /* ImageCacheLoader.swift in Sources */,
				2B1AF8B4271DAFA3009E2328 /* Errors.swift in Sources */,
				2B3BF52B271F80B3007E0AEC /* VideoFile.swift in Sources */,
				2B0A700C271B3AF200075842 /* Date+Extensions.swift in Sources */,
				2B5BAD342719EBC400515DC9 /* SceneDelegate.swift in Sources */,
				2B0A7018271B59E000075842 /* GalleryCollectionViewController.swift in Sources */,
				2B0A700E271B3B1000075842 /* FileSaver.swift in Sources */,
				2B195CAD271F62AB00409698 /* VideoFileSaver.swift in Sources */,
				2B0A7062271CBCE700075842 /* PhotoViewController.swift in Sources */,
				2B0A7010271B3B4500075842 /* DirectoryManager.swift in Sources */,
				2B195CAB271F626F00409698 /* PhotoFileSaver.swift in Sources */,
				2B0A7022271B6E0500075842 /* MediaFilesFactory.swift in Sources */,
				2B0A7016271B59BD00075842 /* GalleryCollectionViewCell.swift in Sources */,
				2B0A705B271C7DA800075842 /* UIImage+Extensions.swift in Sources */,
				2B0A7012271B3C5A00075842 /* Constants.swift in Sources */,
				2B0A701E271B5E0A00075842 /* MediaFileProtocol.swift in Sources */,
				2B3BF529271F8093007E0AEC /* PhotoFile.swift in Sources */,
			);
			runOnlyForDeploymentPostprocessing = 0;
		};
		2B5BAD402719EBC500515DC9 /* Sources */ = {
			isa = PBXSourcesBuildPhase;
			buildActionMask = 2147483647;
			files = (
				2B3BF53B27200A70007E0AEC /* PhotoFileTests.swift in Sources */,
				2B1AF8F7271F3317009E2328 /* UIImageExtentionsTests.swift in Sources */,
				2B2F96E3271F6A6700FBA6E3 /* DirectoryManagerTests.swift in Sources */,
				2B3BF535271FFECA007E0AEC /* MockVideoFile.swift in Sources */,
				2B3BF533271FFEBC007E0AEC /* MockPhotoFile.swift in Sources */,
				2B3BF522271F7E00007E0AEC /* PhotoFileSaverTests.swift in Sources */,
				2B195CAF271F63A200409698 /* ImageCacheLoaderTests.swift in Sources */,
				2B2F96E5271F6E6300FBA6E3 /* FileSaverTests.swift in Sources */,
				2B3BF526271F7FE8007E0AEC /* MediaFilesFactoryTests.swift in Sources */,
				2B1AF8F3271F313F009E2328 /* MockUIImage.swift in Sources */,
				2B3BF539272006F7007E0AEC /* VideoFileTests.swift in Sources */,
				2B195CB1271F649600409698 /* MockURL.swift in Sources */,
				2B3BF530271F8606007E0AEC /* MediaFilesFactoryOutputTests.swift in Sources */,
				2B2F96E7271F72C600FBA6E3 /* MediaFileSaverTests.swift in Sources */,
				2B1AF8F0271F2928009E2328 /* DateExtensionsTests.swift in Sources */,
				2B1AF8FC271F3939009E2328 /* FileNameConverterTests.swift in Sources */,
				2B2F96E9271F73B600FBA6E3 /* MockImagePickerInfoKey.swift in Sources */,
			);
			runOnlyForDeploymentPostprocessing = 0;
		};
/* End PBXSourcesBuildPhase section */

/* Begin PBXTargetDependency section */
		2B5BAD462719EBC500515DC9 /* PBXTargetDependency */ = {
			isa = PBXTargetDependency;
			target = 2B5BAD2D2719EBC400515DC9 /* CameraApp */;
			targetProxy = 2B5BAD452719EBC500515DC9 /* PBXContainerItemProxy */;
		};
/* End PBXTargetDependency section */

/* Begin PBXVariantGroup section */
		2B5BAD372719EBC400515DC9 /* Main.storyboard */ = {
			isa = PBXVariantGroup;
			children = (
				2B5BAD382719EBC400515DC9 /* Base */,
			);
			name = Main.storyboard;
			sourceTree = "<group>";
		};
		2B5BAD3C2719EBC500515DC9 /* LaunchScreen.storyboard */ = {
			isa = PBXVariantGroup;
			children = (
				2B5BAD3D2719EBC500515DC9 /* Base */,
			);
			name = LaunchScreen.storyboard;
			sourceTree = "<group>";
		};
/* End PBXVariantGroup section */

/* Begin XCBuildConfiguration section */
		2B5BAD562719EBC500515DC9 /* Debug */ = {
			isa = XCBuildConfiguration;
			buildSettings = {
				ALWAYS_SEARCH_USER_PATHS = NO;
				CLANG_ANALYZER_NONNULL = YES;
				CLANG_ANALYZER_NUMBER_OBJECT_CONVERSION = YES_AGGRESSIVE;
				CLANG_CXX_LANGUAGE_STANDARD = "gnu++17";
				CLANG_CXX_LIBRARY = "libc++";
				CLANG_ENABLE_MODULES = YES;
				CLANG_ENABLE_OBJC_ARC = YES;
				CLANG_ENABLE_OBJC_WEAK = YES;
				CLANG_WARN_BLOCK_CAPTURE_AUTORELEASING = YES;
				CLANG_WARN_BOOL_CONVERSION = YES;
				CLANG_WARN_COMMA = YES;
				CLANG_WARN_CONSTANT_CONVERSION = YES;
				CLANG_WARN_DEPRECATED_OBJC_IMPLEMENTATIONS = YES;
				CLANG_WARN_DIRECT_OBJC_ISA_USAGE = YES_ERROR;
				CLANG_WARN_DOCUMENTATION_COMMENTS = YES;
				CLANG_WARN_EMPTY_BODY = YES;
				CLANG_WARN_ENUM_CONVERSION = YES;
				CLANG_WARN_INFINITE_RECURSION = YES;
				CLANG_WARN_INT_CONVERSION = YES;
				CLANG_WARN_NON_LITERAL_NULL_CONVERSION = YES;
				CLANG_WARN_OBJC_IMPLICIT_RETAIN_SELF = YES;
				CLANG_WARN_OBJC_LITERAL_CONVERSION = YES;
				CLANG_WARN_OBJC_ROOT_CLASS = YES_ERROR;
				CLANG_WARN_QUOTED_INCLUDE_IN_FRAMEWORK_HEADER = YES;
				CLANG_WARN_RANGE_LOOP_ANALYSIS = YES;
				CLANG_WARN_STRICT_PROTOTYPES = YES;
				CLANG_WARN_SUSPICIOUS_MOVE = YES;
				CLANG_WARN_UNGUARDED_AVAILABILITY = YES_AGGRESSIVE;
				CLANG_WARN_UNREACHABLE_CODE = YES;
				CLANG_WARN__DUPLICATE_METHOD_MATCH = YES;
				COPY_PHASE_STRIP = NO;
				DEBUG_INFORMATION_FORMAT = dwarf;
				ENABLE_STRICT_OBJC_MSGSEND = YES;
				ENABLE_TESTABILITY = YES;
				GCC_C_LANGUAGE_STANDARD = gnu11;
				GCC_DYNAMIC_NO_PIC = NO;
				GCC_NO_COMMON_BLOCKS = YES;
				GCC_OPTIMIZATION_LEVEL = 0;
				GCC_PREPROCESSOR_DEFINITIONS = (
					"DEBUG=1",
					"$(inherited)",
				);
				GCC_WARN_64_TO_32_BIT_CONVERSION = YES;
				GCC_WARN_ABOUT_RETURN_TYPE = YES_ERROR;
				GCC_WARN_UNDECLARED_SELECTOR = YES;
				GCC_WARN_UNINITIALIZED_AUTOS = YES_AGGRESSIVE;
				GCC_WARN_UNUSED_FUNCTION = YES;
				GCC_WARN_UNUSED_VARIABLE = YES;
				IPHONEOS_DEPLOYMENT_TARGET = 14.7;
				MTL_ENABLE_DEBUG_INFO = INCLUDE_SOURCE;
				MTL_FAST_MATH = YES;
				ONLY_ACTIVE_ARCH = YES;
				SDKROOT = iphoneos;
				SWIFT_ACTIVE_COMPILATION_CONDITIONS = DEBUG;
				SWIFT_OPTIMIZATION_LEVEL = "-Onone";
			};
			name = Debug;
		};
		2B5BAD572719EBC500515DC9 /* Release */ = {
			isa = XCBuildConfiguration;
			buildSettings = {
				ALWAYS_SEARCH_USER_PATHS = NO;
				CLANG_ANALYZER_NONNULL = YES;
				CLANG_ANALYZER_NUMBER_OBJECT_CONVERSION = YES_AGGRESSIVE;
				CLANG_CXX_LANGUAGE_STANDARD = "gnu++17";
				CLANG_CXX_LIBRARY = "libc++";
				CLANG_ENABLE_MODULES = YES;
				CLANG_ENABLE_OBJC_ARC = YES;
				CLANG_ENABLE_OBJC_WEAK = YES;
				CLANG_WARN_BLOCK_CAPTURE_AUTORELEASING = YES;
				CLANG_WARN_BOOL_CONVERSION = YES;
				CLANG_WARN_COMMA = YES;
				CLANG_WARN_CONSTANT_CONVERSION = YES;
				CLANG_WARN_DEPRECATED_OBJC_IMPLEMENTATIONS = YES;
				CLANG_WARN_DIRECT_OBJC_ISA_USAGE = YES_ERROR;
				CLANG_WARN_DOCUMENTATION_COMMENTS = YES;
				CLANG_WARN_EMPTY_BODY = YES;
				CLANG_WARN_ENUM_CONVERSION = YES;
				CLANG_WARN_INFINITE_RECURSION = YES;
				CLANG_WARN_INT_CONVERSION = YES;
				CLANG_WARN_NON_LITERAL_NULL_CONVERSION = YES;
				CLANG_WARN_OBJC_IMPLICIT_RETAIN_SELF = YES;
				CLANG_WARN_OBJC_LITERAL_CONVERSION = YES;
				CLANG_WARN_OBJC_ROOT_CLASS = YES_ERROR;
				CLANG_WARN_QUOTED_INCLUDE_IN_FRAMEWORK_HEADER = YES;
				CLANG_WARN_RANGE_LOOP_ANALYSIS = YES;
				CLANG_WARN_STRICT_PROTOTYPES = YES;
				CLANG_WARN_SUSPICIOUS_MOVE = YES;
				CLANG_WARN_UNGUARDED_AVAILABILITY = YES_AGGRESSIVE;
				CLANG_WARN_UNREACHABLE_CODE = YES;
				CLANG_WARN__DUPLICATE_METHOD_MATCH = YES;
				COPY_PHASE_STRIP = NO;
				DEBUG_INFORMATION_FORMAT = "dwarf-with-dsym";
				ENABLE_NS_ASSERTIONS = NO;
				ENABLE_STRICT_OBJC_MSGSEND = YES;
				GCC_C_LANGUAGE_STANDARD = gnu11;
				GCC_NO_COMMON_BLOCKS = YES;
				GCC_WARN_64_TO_32_BIT_CONVERSION = YES;
				GCC_WARN_ABOUT_RETURN_TYPE = YES_ERROR;
				GCC_WARN_UNDECLARED_SELECTOR = YES;
				GCC_WARN_UNINITIALIZED_AUTOS = YES_AGGRESSIVE;
				GCC_WARN_UNUSED_FUNCTION = YES;
				GCC_WARN_UNUSED_VARIABLE = YES;
				IPHONEOS_DEPLOYMENT_TARGET = 14.7;
				MTL_ENABLE_DEBUG_INFO = NO;
				MTL_FAST_MATH = YES;
				SDKROOT = iphoneos;
				SWIFT_COMPILATION_MODE = wholemodule;
				SWIFT_OPTIMIZATION_LEVEL = "-O";
				VALIDATE_PRODUCT = YES;
			};
			name = Release;
		};
		2B5BAD592719EBC500515DC9 /* Debug */ = {
			isa = XCBuildConfiguration;
			buildSettings = {
				ASSETCATALOG_COMPILER_APPICON_NAME = AppIcon;
				ASSETCATALOG_COMPILER_GLOBAL_ACCENT_COLOR_NAME = AccentColor;
				CODE_SIGN_STYLE = Automatic;
				CURRENT_PROJECT_VERSION = 1;
				DEVELOPMENT_TEAM = 36B2GZZ9DF;
				GENERATE_INFOPLIST_FILE = YES;
				INFOPLIST_FILE = CameraApp/Info.plist;
				INFOPLIST_KEY_UIApplicationSupportsIndirectInputEvents = YES;
				INFOPLIST_KEY_UILaunchStoryboardName = LaunchScreen;
				INFOPLIST_KEY_UIMainStoryboardFile = Main;
				INFOPLIST_KEY_UISupportedInterfaceOrientations_iPad = "UIInterfaceOrientationPortrait UIInterfaceOrientationPortraitUpsideDown UIInterfaceOrientationLandscapeLeft UIInterfaceOrientationLandscapeRight";
				INFOPLIST_KEY_UISupportedInterfaceOrientations_iPhone = "UIInterfaceOrientationPortrait UIInterfaceOrientationLandscapeLeft UIInterfaceOrientationLandscapeRight";
				IPHONEOS_DEPLOYMENT_TARGET = 14.7;
				LD_RUNPATH_SEARCH_PATHS = (
					"$(inherited)",
					"@executable_path/Frameworks",
				);
				MARKETING_VERSION = 1.0;
				PRODUCT_BUNDLE_IDENTIFIER = com.Crow.Crow.CameraApp;
				PRODUCT_NAME = "$(TARGET_NAME)";
				SWIFT_EMIT_LOC_STRINGS = YES;
				SWIFT_VERSION = 5.0;
				TARGETED_DEVICE_FAMILY = 1;
				TVOS_DEPLOYMENT_TARGET = 14.0;
			};
			name = Debug;
		};
		2B5BAD5A2719EBC500515DC9 /* Release */ = {
			isa = XCBuildConfiguration;
			buildSettings = {
				ASSETCATALOG_COMPILER_APPICON_NAME = AppIcon;
				ASSETCATALOG_COMPILER_GLOBAL_ACCENT_COLOR_NAME = AccentColor;
				CODE_SIGN_STYLE = Automatic;
				CURRENT_PROJECT_VERSION = 1;
				DEVELOPMENT_TEAM = 36B2GZZ9DF;
				GENERATE_INFOPLIST_FILE = YES;
				INFOPLIST_FILE = CameraApp/Info.plist;
				INFOPLIST_KEY_UIApplicationSupportsIndirectInputEvents = YES;
				INFOPLIST_KEY_UILaunchStoryboardName = LaunchScreen;
				INFOPLIST_KEY_UIMainStoryboardFile = Main;
				INFOPLIST_KEY_UISupportedInterfaceOrientations_iPad = "UIInterfaceOrientationPortrait UIInterfaceOrientationPortraitUpsideDown UIInterfaceOrientationLandscapeLeft UIInterfaceOrientationLandscapeRight";
				INFOPLIST_KEY_UISupportedInterfaceOrientations_iPhone = "UIInterfaceOrientationPortrait UIInterfaceOrientationLandscapeLeft UIInterfaceOrientationLandscapeRight";
				IPHONEOS_DEPLOYMENT_TARGET = 14.7;
				LD_RUNPATH_SEARCH_PATHS = (
					"$(inherited)",
					"@executable_path/Frameworks",
				);
				MARKETING_VERSION = 1.0;
				PRODUCT_BUNDLE_IDENTIFIER = com.Crow.Crow.CameraApp;
				PRODUCT_NAME = "$(TARGET_NAME)";
				SWIFT_EMIT_LOC_STRINGS = YES;
				SWIFT_VERSION = 5.0;
				TARGETED_DEVICE_FAMILY = 1;
				TVOS_DEPLOYMENT_TARGET = 14.0;
			};
			name = Release;
		};
		2B5BAD5C2719EBC500515DC9 /* Debug */ = {
			isa = XCBuildConfiguration;
			buildSettings = {
				ALWAYS_EMBED_SWIFT_STANDARD_LIBRARIES = YES;
				BUNDLE_LOADER = "$(TEST_HOST)";
				CODE_SIGN_STYLE = Automatic;
				CURRENT_PROJECT_VERSION = 1;
				DEVELOPMENT_TEAM = 36B2GZZ9DF;
				GENERATE_INFOPLIST_FILE = YES;
				IPHONEOS_DEPLOYMENT_TARGET = 15.0;
				LD_RUNPATH_SEARCH_PATHS = (
					"$(inherited)",
					"@executable_path/Frameworks",
					"@loader_path/Frameworks",
				);
				MARKETING_VERSION = 1.0;
				PRODUCT_BUNDLE_IDENTIFIER = com.Crow.Crow.CameraAppTests;
				PRODUCT_NAME = "$(TARGET_NAME)";
				SWIFT_EMIT_LOC_STRINGS = NO;
				SWIFT_VERSION = 5.0;
				TARGETED_DEVICE_FAMILY = "1,2";
				TEST_HOST = "$(BUILT_PRODUCTS_DIR)/CameraApp.app/CameraApp";
			};
			name = Debug;
		};
		2B5BAD5D2719EBC500515DC9 /* Release */ = {
			isa = XCBuildConfiguration;
			buildSettings = {
				ALWAYS_EMBED_SWIFT_STANDARD_LIBRARIES = YES;
				BUNDLE_LOADER = "$(TEST_HOST)";
				CODE_SIGN_STYLE = Automatic;
				CURRENT_PROJECT_VERSION = 1;
				DEVELOPMENT_TEAM = 36B2GZZ9DF;
				GENERATE_INFOPLIST_FILE = YES;
				IPHONEOS_DEPLOYMENT_TARGET = 15.0;
				LD_RUNPATH_SEARCH_PATHS = (
					"$(inherited)",
					"@executable_path/Frameworks",
					"@loader_path/Frameworks",
				);
				MARKETING_VERSION = 1.0;
				PRODUCT_BUNDLE_IDENTIFIER = com.Crow.Crow.CameraAppTests;
				PRODUCT_NAME = "$(TARGET_NAME)";
				SWIFT_EMIT_LOC_STRINGS = NO;
				SWIFT_VERSION = 5.0;
				TARGETED_DEVICE_FAMILY = "1,2";
				TEST_HOST = "$(BUILT_PRODUCTS_DIR)/CameraApp.app/CameraApp";
			};
			name = Release;
		};
/* End XCBuildConfiguration section */

/* Begin XCConfigurationList section */
		2B5BAD292719EBC400515DC9 /* Build configuration list for PBXProject "CameraApp" */ = {
			isa = XCConfigurationList;
			buildConfigurations = (
				2B5BAD562719EBC500515DC9 /* Debug */,
				2B5BAD572719EBC500515DC9 /* Release */,
			);
			defaultConfigurationIsVisible = 0;
			defaultConfigurationName = Release;
		};
		2B5BAD582719EBC500515DC9 /* Build configuration list for PBXNativeTarget "CameraApp" */ = {
			isa = XCConfigurationList;
			buildConfigurations = (
				2B5BAD592719EBC500515DC9 /* Debug */,
				2B5BAD5A2719EBC500515DC9 /* Release */,
			);
			defaultConfigurationIsVisible = 0;
			defaultConfigurationName = Release;
		};
		2B5BAD5B2719EBC500515DC9 /* Build configuration list for PBXNativeTarget "CameraAppTests" */ = {
			isa = XCConfigurationList;
			buildConfigurations = (
				2B5BAD5C2719EBC500515DC9 /* Debug */,
				2B5BAD5D2719EBC500515DC9 /* Release */,
			);
			defaultConfigurationIsVisible = 0;
			defaultConfigurationName = Release;
		};
/* End XCConfigurationList section */
	};
	rootObject = 2B5BAD262719EBC400515DC9 /* Project object */;
}
